github.com/go-chi/chi/v5 v5.3.0 h1:halUjDxhshgXHMrao5bB8eNBXo/rnzwr8m5m36glehM=
github.com/go-chi/chi/v5 v5.3.0/go.mod h1:R+tYY2hNuVUUjxoPtqUdgBqevM9s9njzkTLutVsOCto=
github.com/togo-framework/togo v0.20.1 h1:sygmzwKZ2WBYlxxFk+SaCcZgAKp0LtjA4cHcdcoGR4g=
github.com/togo-framework/togo v0.20.1/go.mod h1:/ybNefL1VWo0Pod32+YwW7ZgyInyXzOq3jGPBjUJYtc=
